// !$*UTF8*$!
{
	archiveVersion = 1;
	classes = {
	};
	objectVersion = 54;
	objects = {

/* Begin PBXBuildFile section */
		042B38FFA567D29EDF2A8D3E /* MacContentView.swift in Sources */ = {isa = PBXBuildFile; fileRef = A94674F96B78E768E001D54B /* MacContentView.swift */; };
		1019ED1E8EAFC37557485326 /* FocusPredictionService.swift in Sources */ = {isa = PBXBuildFile; fileRef = 85D115037777B4162D8BA31E /* FocusPredictionService.swift */; };
		11C7CEC3A8677E48879CAF02 /* AchievementBadgeView.swift in Sources */ = {isa = PBXBuildFile; fileRef = 5BE182A713116545724B6736 /* AchievementBadgeView.swift */; };
		1E4C8A0C6E3B94D6528902B1 /* BreathingOrb.swift in Sources */ = {isa = PBXBuildFile; fileRef = 9AFEA84D1CC557518EEFEE50 /* BreathingOrb.swift */; };
		1EBE21368AE29C5BA03D5B79 /* AICoachService.swift in Sources */ = {isa = PBXBuildFile; fileRef = DA5DE1F8B2CE9A7C38680FAB /* AICoachService.swift */; };
		276D304578BA622AA1246809 /* FocusService.swift in Sources */ = {isa = PBXBuildFile; fileRef = 93FC4368F1B659AF2238C9AF /* FocusService.swift */; };
		32B3875970680824BAC88FDC /* MacFocusTogetherView.swift in Sources */ = {isa = PBXBuildFile; fileRef = 39B18DA106ED82F2E4D92549 /* MacFocusTogetherView.swift */; };
		4D5B1590D46C692DB54F7BEF /* MacSettingsView.swift in Sources */ = {isa = PBXBuildFile; fileRef = 687796B9D10ADFD0AE69015F /* MacSettingsView.swift */; };
		5039FFD2A35A687858124AB7 /* Statistics.swift in Sources */ = {isa = PBXBuildFile; fileRef = 82E19B1E349188D261E21AAA /* Statistics.swift */; };
		55D310ABAA6EB7F58253C97D /* CadenceMacApp.swift in Sources */ = {isa = PBXBuildFile; fileRef = 63F5753D46F5ED383DE11EFA /* CadenceMacApp.swift */; };
		5A91C1CA05913EB3E5733493 /* MacFocusSessionView.swift in Sources */ = {isa = PBXBuildFile; fileRef = 5DD8C19AACDB9E795555DD5C /* MacFocusSessionView.swift */; };
		5B7EB9B28F858DEE437F4FEF /* CadenceShared.swift in Sources */ = {isa = PBXBuildFile; fileRef = DAE91C5DCA0395DFFEC8BC8E /* CadenceShared.swift */; };
		5FCF4276CFE95D9437E2D2EB /* AICoachingService.swift in Sources */ = {isa = PBXBuildFile; fileRef = CF75AAEFA41658BB4F4BA7F6 /* AICoachingService.swift */; };
		6572F234E5F61E48301893DA /* Subscription.swift in Sources */ = {isa = PBXBuildFile; fileRef = 67305796BB19CFD1AEDAD2EB /* Subscription.swift */; };
		76BC27B78B9E805082266762 /* Sound.swift in Sources */ = {isa = PBXBuildFile; fileRef = 08A049E77F57C840CA466331 /* Sound.swift */; };
		77C75701B5B4D9DE1C8C356F /* MacStreakView.swift in Sources */ = {isa = PBXBuildFile; fileRef = E3BBAEE085705A0498B8FAAF /* MacStreakView.swift */; };
		79656AF5417BBF8AE7B17CB3 /* StatisticsService.swift in Sources */ = {isa = PBXBuildFile; fileRef = 8243F2831B8B6EBBF1E6B2C6 /* StatisticsService.swift */; };
		8236B59D88E7C54171BB0DA4 /* Brand.swift in Sources */ = {isa = PBXBuildFile; fileRef = D6E5A23840552E156F789B9E /* Brand.swift */; };
		8C612A9DFDFC13DDB1100E3A /* ExportService.swift in Sources */ = {isa = PBXBuildFile; fileRef = AA48CDFD2E71C4D84D2ECF7A /* ExportService.swift */; };
		90620FEFFCAB174F5246E4E6 /* Partner.swift in Sources */ = {isa = PBXBuildFile; fileRef = 046453314A4BE458E2536EF5 /* Partner.swift */; };
		A29091D0C9AFF2CA36343393 /* MacTeamFocusView.swift in Sources */ = {isa = PBXBuildFile; fileRef = 3E9558923D41F02A3F5E0F41 /* MacTeamFocusView.swift */; };
		BAE570A74D6546E3074CDF7E /* AIFocusService.swift in Sources */ = {isa = PBXBuildFile; fileRef = A57C694EA837324908EFFDF5 /* AIFocusService.swift */; };
		C16FCA85EE9B6E49776F0C4A /* MacNotificationService.swift in Sources */ = {isa = PBXBuildFile; fileRef = C86D62104E2491D45A26CB37 /* MacNotificationService.swift */; };
		CC497F263BA7992614DFEF60 /* Achievement.swift in Sources */ = {isa = PBXBuildFile; fileRef = CA25048110D1E7BD5E32DE73 /* Achievement.swift */; };
		CDB1C29F3D74F59AF0310928 /* CadenceMenuBar.swift in Sources */ = {isa = PBXBuildFile; fileRef = 55359F88EF94E02D5AB27C25 /* CadenceMenuBar.swift */; };
		CDE3C49A6D7875A0793A2DF8 /* CadenceR12Service.swift in Sources */ = {isa = PBXBuildFile; fileRef = 3D73CB988696C299D10FA9FD /* CadenceR12Service.swift */; };
		CF7F420F0E1369EAF481DACE /* FocusPartnerService.swift in Sources */ = {isa = PBXBuildFile; fileRef = 99A397293D017952991C21B4 /* FocusPartnerService.swift */; };
		D08F19AE2EB8D3270B1BA507 /* Challenge.swift in Sources */ = {isa = PBXBuildFile; fileRef = EEBE98C61B1C99BF17E73F4D /* Challenge.swift */; };
		D5761066A8C4C44946E03718 /* APIService.swift in Sources */ = {isa = PBXBuildFile; fileRef = E06E8949C3929A2ED30CB09F /* APIService.swift */; };
		DA9261ACF9F130E5D4182598 /* Team.swift in Sources */ = {isa = PBXBuildFile; fileRef = 3A936BA4B6AF3E53CD22A6F2 /* Team.swift */; };
		DC6FA49026C284089602AAAF /* EmptyStateView.swift in Sources */ = {isa = PBXBuildFile; fileRef = 6FECFCAADAA40C2F5C39C2BA /* EmptyStateView.swift */; };
		E6C56A1456924F8A1EB586D6 /* Session.swift in Sources */ = {isa = PBXBuildFile; fileRef = 485A160DF1A46BB37B341F39 /* Session.swift */; };
		F42E9B47D35F8E06F507F33D /* DatabaseService.swift in Sources */ = {isa = PBXBuildFile; fileRef = FFAAE933FD29E9A606E699DA /* DatabaseService.swift */; };
/* End PBXBuildFile section */

/* Begin PBXFileReference section */
		046453314A4BE458E2536EF5 /* Partner.swift */ = {isa = PBXFileReference; lastKnownFileType = sourcecode.swift; path = Partner.swift; sourceTree = "<group>"; };
		08A049E77F57C840CA466331 /* Sound.swift */ = {isa = PBXFileReference; lastKnownFileType = sourcecode.swift; path = Sound.swift; sourceTree = "<group>"; };
		39B18DA106ED82F2E4D92549 /* MacFocusTogetherView.swift */ = {isa = PBXFileReference; lastKnownFileType = sourcecode.swift; path = MacFocusTogetherView.swift; sourceTree = "<group>"; };
		3A936BA4B6AF3E53CD22A6F2 /* Team.swift */ = {isa = PBXFileReference; lastKnownFileType = sourcecode.swift; path = Team.swift; sourceTree = "<group>"; };
		3D73CB988696C299D10FA9FD /* CadenceR12Service.swift */ = {isa = PBXFileReference; lastKnownFileType = sourcecode.swift; path = CadenceR12Service.swift; sourceTree = "<group>"; };
		3E9558923D41F02A3F5E0F41 /* MacTeamFocusView.swift */ = {isa = PBXFileReference; lastKnownFileType = sourcecode.swift; path = MacTeamFocusView.swift; sourceTree = "<group>"; };
		3FCC093ADF357039CA56420F /* CadenceMac.app */ = {isa = PBXFileReference; explicitFileType = wrapper.application; includeInIndex = 0; path = CadenceMac.app; sourceTree = BUILT_PRODUCTS_DIR; };
		485A160DF1A46BB37B341F39 /* Session.swift */ = {isa = PBXFileReference; lastKnownFileType = sourcecode.swift; path = Session.swift; sourceTree = "<group>"; };
		55359F88EF94E02D5AB27C25 /* CadenceMenuBar.swift */ = {isa = PBXFileReference; lastKnownFileType = sourcecode.swift; path = CadenceMenuBar.swift; sourceTree = "<group>"; };
		5BE182A713116545724B6736 /* AchievementBadgeView.swift */ = {isa = PBXFileReference; lastKnownFileType = sourcecode.swift; path = AchievementBadgeView.swift; sourceTree = "<group>"; };
		5DD8C19AACDB9E795555DD5C /* MacFocusSessionView.swift */ = {isa = PBXFileReference; lastKnownFileType = sourcecode.swift; path = MacFocusSessionView.swift; sourceTree = "<group>"; };
		63F5753D46F5ED383DE11EFA /* CadenceMacApp.swift */ = {isa = PBXFileReference; lastKnownFileType = sourcecode.swift; path = CadenceMacApp.swift; sourceTree = "<group>"; };
		67305796BB19CFD1AEDAD2EB /* Subscription.swift */ = {isa = PBXFileReference; lastKnownFileType = sourcecode.swift; path = Subscription.swift; sourceTree = "<group>"; };
		687796B9D10ADFD0AE69015F /* MacSettingsView.swift */ = {isa = PBXFileReference; lastKnownFileType = sourcecode.swift; path = MacSettingsView.swift; sourceTree = "<group>"; };
		6FECFCAADAA40C2F5C39C2BA /* EmptyStateView.swift */ = {isa = PBXFileReference; lastKnownFileType = sourcecode.swift; path = EmptyStateView.swift; sourceTree = "<group>"; };
		8243F2831B8B6EBBF1E6B2C6 /* StatisticsService.swift */ = {isa = PBXFileReference; lastKnownFileType = sourcecode.swift; path = StatisticsService.swift; sourceTree = "<group>"; };
		82E19B1E349188D261E21AAA /* Statistics.swift */ = {isa = PBXFileReference; lastKnownFileType = sourcecode.swift; path = Statistics.swift; sourceTree = "<group>"; };
		85D115037777B4162D8BA31E /* FocusPredictionService.swift */ = {isa = PBXFileReference; lastKnownFileType = sourcecode.swift; path = FocusPredictionService.swift; sourceTree = "<group>"; };
		93FC4368F1B659AF2238C9AF /* FocusService.swift */ = {isa = PBXFileReference; lastKnownFileType = sourcecode.swift; path = FocusService.swift; sourceTree = "<group>"; };
		99A397293D017952991C21B4 /* FocusPartnerService.swift */ = {isa = PBXFileReference; lastKnownFileType = sourcecode.swift; path = FocusPartnerService.swift; sourceTree = "<group>"; };
		9AFEA84D1CC557518EEFEE50 /* BreathingOrb.swift */ = {isa = PBXFileReference; lastKnownFileType = sourcecode.swift; path = BreathingOrb.swift; sourceTree = "<group>"; };
		A57C694EA837324908EFFDF5 /* AIFocusService.swift */ = {isa = PBXFileReference; lastKnownFileType = sourcecode.swift; path = AIFocusService.swift; sourceTree = "<group>"; };
		A94674F96B78E768E001D54B /* MacContentView.swift */ = {isa = PBXFileReference; lastKnownFileType = sourcecode.swift; path = MacContentView.swift; sourceTree = "<group>"; };
		AA48CDFD2E71C4D84D2ECF7A /* ExportService.swift */ = {isa = PBXFileReference; lastKnownFileType = sourcecode.swift; path = ExportService.swift; sourceTree = "<group>"; };
		C86D62104E2491D45A26CB37 /* MacNotificationService.swift */ = {isa = PBXFileReference; lastKnownFileType = sourcecode.swift; path = MacNotificationService.swift; sourceTree = "<group>"; };
		CA25048110D1E7BD5E32DE73 /* Achievement.swift */ = {isa = PBXFileReference; lastKnownFileType = sourcecode.swift; path = Achievement.swift; sourceTree = "<group>"; };
		CF75AAEFA41658BB4F4BA7F6 /* AICoachingService.swift */ = {isa = PBXFileReference; lastKnownFileType = sourcecode.swift; path = AICoachingService.swift; sourceTree = "<group>"; };
		D6E5A23840552E156F789B9E /* Brand.swift */ = {isa = PBXFileReference; lastKnownFileType = sourcecode.swift; path = Brand.swift; sourceTree = "<group>"; };
		DA5DE1F8B2CE9A7C38680FAB /* AICoachService.swift */ = {isa = PBXFileReference; lastKnownFileType = sourcecode.swift; path = AICoachService.swift; sourceTree = "<group>"; };
		DAE91C5DCA0395DFFEC8BC8E /* CadenceShared.swift */ = {isa = PBXFileReference; lastKnownFileType = sourcecode.swift; path = CadenceShared.swift; sourceTree = "<group>"; };
		E06E8949C3929A2ED30CB09F /* APIService.swift */ = {isa = PBXFileReference; lastKnownFileType = sourcecode.swift; path = APIService.swift; sourceTree = "<group>"; };
		E3BBAEE085705A0498B8FAAF /* MacStreakView.swift */ = {isa = PBXFileReference; lastKnownFileType = sourcecode.swift; path = MacStreakView.swift; sourceTree = "<group>"; };
		EEBE98C61B1C99BF17E73F4D /* Challenge.swift */ = {isa = PBXFileReference; lastKnownFileType = sourcecode.swift; path = Challenge.swift; sourceTree = "<group>"; };
		FFAAE933FD29E9A606E699DA /* DatabaseService.swift */ = {isa = PBXFileReference; lastKnownFileType = sourcecode.swift; path = DatabaseService.swift; sourceTree = "<group>"; };
/* End PBXFileReference section */

/* Begin PBXGroup section */
		02CFE3D7F20FB5A0B068D098 /* Services */ = {
			isa = PBXGroup;
			children = (
				A57C694EA837324908EFFDF5 /* AIFocusService.swift */,
			);
			path = Services;
			sourceTree = "<group>";
		};
		1B7EBBC6DE381A0FA3B262BB /* Products */ = {
			isa = PBXGroup;
			children = (
				3FCC093ADF357039CA56420F /* CadenceMac.app */,
			);
			name = Products;
			sourceTree = "<group>";
		};
		2A1B89CB9B995B001035218C /* Views */ = {
			isa = PBXGroup;
			children = (
				A94674F96B78E768E001D54B /* MacContentView.swift */,
				5DD8C19AACDB9E795555DD5C /* MacFocusSessionView.swift */,
				687796B9D10ADFD0AE69015F /* MacSettingsView.swift */,
				E3BBAEE085705A0498B8FAAF /* MacStreakView.swift */,
				3E9558923D41F02A3F5E0F41 /* MacTeamFocusView.swift */,
			);
			path = Views;
			sourceTree = "<group>";
		};
		30C2ECBC3B29F9ED8D079EBB /* Models */ = {
			isa = PBXGroup;
			children = (
				CA25048110D1E7BD5E32DE73 /* Achievement.swift */,
				EEBE98C61B1C99BF17E73F4D /* Challenge.swift */,
				046453314A4BE458E2536EF5 /* Partner.swift */,
				485A160DF1A46BB37B341F39 /* Session.swift */,
				08A049E77F57C840CA466331 /* Sound.swift */,
				82E19B1E349188D261E21AAA /* Statistics.swift */,
				67305796BB19CFD1AEDAD2EB /* Subscription.swift */,
				3A936BA4B6AF3E53CD22A6F2 /* Team.swift */,
			);
			name = Models;
			path = ../Cadence/Models;
			sourceTree = "<group>";
		};
		4685BBE0DA40ABFA6975CAA8 /* ViewModels */ = {
			isa = PBXGroup;
			children = (
			);
			name = ViewModels;
			path = ../Cadence/ViewModels;
			sourceTree = "<group>";
		};
		7914854146DCAEDAE95412D4 /* Sources */ = {
			isa = PBXGroup;
			children = (
				63F5753D46F5ED383DE11EFA /* CadenceMacApp.swift */,
				55359F88EF94E02D5AB27C25 /* CadenceMenuBar.swift */,
				39B18DA106ED82F2E4D92549 /* MacFocusTogetherView.swift */,
				C86D62104E2491D45A26CB37 /* MacNotificationService.swift */,
				02CFE3D7F20FB5A0B068D098 /* Services */,
				2A1B89CB9B995B001035218C /* Views */,
			);
			path = Sources;
			sourceTree = "<group>";
		};
		84127B063B9D3DB56B190F3A /* Components */ = {
			isa = PBXGroup;
			children = (
				5BE182A713116545724B6736 /* AchievementBadgeView.swift */,
				9AFEA84D1CC557518EEFEE50 /* BreathingOrb.swift */,
				6FECFCAADAA40C2F5C39C2BA /* EmptyStateView.swift */,
			);
			name = Components;
			path = ../Cadence/Views/Components;
			sourceTree = "<group>";
		};
		CBD23ECCE29531B62893044B /* Resources */ = {
			isa = PBXGroup;
			children = (
				D6E5A23840552E156F789B9E /* Brand.swift */,
				DAE91C5DCA0395DFFEC8BC8E /* CadenceShared.swift */,
			);
			name = Resources;
			path = ../Cadence/Resources;
			sourceTree = "<group>";
		};
		CE97B20E3D5CBB39AE3C1C2C /* Services */ = {
			isa = PBXGroup;
			children = (
				CF75AAEFA41658BB4F4BA7F6 /* AICoachingService.swift */,
				DA5DE1F8B2CE9A7C38680FAB /* AICoachService.swift */,
				E06E8949C3929A2ED30CB09F /* APIService.swift */,
				3D73CB988696C299D10FA9FD /* CadenceR12Service.swift */,
				FFAAE933FD29E9A606E699DA /* DatabaseService.swift */,
				AA48CDFD2E71C4D84D2ECF7A /* ExportService.swift */,
				99A397293D017952991C21B4 /* FocusPartnerService.swift */,
				85D115037777B4162D8BA31E /* FocusPredictionService.swift */,
				93FC4368F1B659AF2238C9AF /* FocusService.swift */,
				8243F2831B8B6EBBF1E6B2C6 /* StatisticsService.swift */,
			);
			name = Services;
			path = ../Cadence/Services;
			sourceTree = "<group>";
		};
		D72B676A9396889CCE26564F = {
			isa = PBXGroup;
			children = (
				84127B063B9D3DB56B190F3A /* Components */,
				30C2ECBC3B29F9ED8D079EBB /* Models */,
				CBD23ECCE29531B62893044B /* Resources */,
				CE97B20E3D5CBB39AE3C1C2C /* Services */,
				7914854146DCAEDAE95412D4 /* Sources */,
				4685BBE0DA40ABFA6975CAA8 /* ViewModels */,
				1B7EBBC6DE381A0FA3B262BB /* Products */,
			);
			sourceTree = "<group>";
		};
/* End PBXGroup section */

/* Begin PBXNativeTarget section */
		DF6BEE2DB333359FE40368F2 /* CadenceMac */ = {
			isa = PBXNativeTarget;
			buildConfigurationList = 0350091E5015FA0EBCB2EC7B /* Build configuration list for PBXNativeTarget "CadenceMac" */;
			buildPhases = (
				7BAFA15B39503ECE6D06861F /* Sources */,
			);
			buildRules = (
			);
			dependencies = (
			);
			name = CadenceMac;
			productName = CadenceMac;
			productReference = 3FCC093ADF357039CA56420F /* CadenceMac.app */;
			productType = "com.apple.product-type.application";
		};
/* End PBXNativeTarget section */

/* Begin PBXProject section */
		476CDB8ACA66B917F5654F4E /* Project object */ = {
			isa = PBXProject;
			attributes = {
				BuildIndependentTargetsInParallel = YES;
				LastUpgradeCheck = 1600;
				TargetAttributes = {
					DF6BEE2DB333359FE40368F2 = {
						DevelopmentTeam = "";
						ProvisioningStyle = Manual;
					};
				};
			};
			buildConfigurationList = 456F98E878D2E638CCDA00ED /* Build configuration list for PBXProject "CadenceMac" */;
			compatibilityVersion = "Xcode 14.0";
			developmentRegion = en;
			hasScannedForEncodings = 0;
			knownRegions = (
				Base,
				en,
			);
			mainGroup = D72B676A9396889CCE26564F;
			projectDirPath = "";
			projectRoot = "";
			targets = (
				DF6BEE2DB333359FE40368F2 /* CadenceMac */,
			);
		};
/* End PBXProject section */

/* Begin PBXSourcesBuildPhase section */
		7BAFA15B39503ECE6D06861F /* Sources */ = {
			isa = PBXSourcesBuildPhase;
			buildActionMask = 2147483647;
			files = (
				1EBE21368AE29C5BA03D5B79 /* AICoachService.swift in Sources */,
				5FCF4276CFE95D9437E2D2EB /* AICoachingService.swift in Sources */,
				BAE570A74D6546E3074CDF7E /* AIFocusService.swift in Sources */,
				D5761066A8C4C44946E03718 /* APIService.swift in Sources */,
				CC497F263BA7992614DFEF60 /* Achievement.swift in Sources */,
				11C7CEC3A8677E48879CAF02 /* AchievementBadgeView.swift in Sources */,
				8236B59D88E7C54171BB0DA4 /* Brand.swift in Sources */,
				1E4C8A0C6E3B94D6528902B1 /* BreathingOrb.swift in Sources */,
				55D310ABAA6EB7F58253C97D /* CadenceMacApp.swift in Sources */,
				CDB1C29F3D74F59AF0310928 /* CadenceMenuBar.swift in Sources */,
				CDE3C49A6D7875A0793A2DF8 /* CadenceR12Service.swift in Sources */,
				5B7EB9B28F858DEE437F4FEF /* CadenceShared.swift in Sources */,
				D08F19AE2EB8D3270B1BA507 /* Challenge.swift in Sources */,
				F42E9B47D35F8E06F507F33D /* DatabaseService.swift in Sources */,
				DC6FA49026C284089602AAAF /* EmptyStateView.swift in Sources */,
				8C612A9DFDFC13DDB1100E3A /* ExportService.swift in Sources */,
				CF7F420F0E1369EAF481DACE /* FocusPartnerService.swift in Sources */,
				1019ED1E8EAFC37557485326 /* FocusPredictionService.swift in Sources */,
				276D304578BA622AA1246809 /* FocusService.swift in Sources */,
				042B38FFA567D29EDF2A8D3E /* MacContentView.swift in Sources */,
				5A91C1CA05913EB3E5733493 /* MacFocusSessionView.swift in Sources */,
				32B3875970680824BAC88FDC /* MacFocusTogetherView.swift in Sources */,
				C16FCA85EE9B6E49776F0C4A /* MacNotificationService.swift in Sources */,
				4D5B1590D46C692DB54F7BEF /* MacSettingsView.swift in Sources */,
				77C75701B5B4D9DE1C8C356F /* MacStreakView.swift in Sources */,
				A29091D0C9AFF2CA36343393 /* MacTeamFocusView.swift in Sources */,
				90620FEFFCAB174F5246E4E6 /* Partner.swift in Sources */,
				E6C56A1456924F8A1EB586D6 /* Session.swift in Sources */,
				76BC27B78B9E805082266762 /* Sound.swift in Sources */,
				5039FFD2A35A687858124AB7 /* Statistics.swift in Sources */,
				79656AF5417BBF8AE7B17CB3 /* StatisticsService.swift in Sources */,
				6572F234E5F61E48301893DA /* Subscription.swift in Sources */,
				DA9261ACF9F130E5D4182598 /* Team.swift in Sources */,
			);
			runOnlyForDeploymentPostprocessing = 0;
		};
/* End PBXSourcesBuildPhase section */

/* Begin XCBuildConfiguration section */
		2237E98A1326FCD0F4A60206 /* Release */ = {
			isa = XCBuildConfiguration;
			buildSettings = {
				ALWAYS_SEARCH_USER_PATHS = NO;
				CLANG_ANALYZER_NONNULL = YES;
				CLANG_ANALYZER_NUMBER_OBJECT_CONVERSION = YES_AGGRESSIVE;
				CLANG_CXX_LANGUAGE_STANDARD = "gnu++14";
				CLANG_CXX_LIBRARY = "libc++";
				CLANG_ENABLE_MODULES = YES;
				CLANG_ENABLE_OBJC_ARC = YES;
				CLANG_ENABLE_OBJC_WEAK = YES;
				CLANG_WARN_BLOCK_CAPTURE_AUTORELEASING = YES;
				CLANG_WARN_BOOL_CONVERSION = YES;
				CLANG_WARN_COMMA = YES;
				CLANG_WARN_CONSTANT_CONVERSION = YES;
				CLANG_WARN_DEPRECATED_OBJC_IMPLEMENTATIONS = YES;
				CLANG_WARN_DIRECT_OBJC_ISA_USAGE = YES_ERROR;
				CLANG_WARN_DOCUMENTATION_COMMENTS = YES;
				CLANG_WARN_EMPTY_BODY = YES;
				CLANG_WARN_ENUM_CONVERSION = YES;
				CLANG_WARN_INFINITE_RECURSION = YES;
				CLANG_WARN_INT_CONVERSION = YES;
				CLANG_WARN_NON_LITERAL_NULL_CONVERSION = YES;
				CLANG_WARN_OBJC_IMPLICIT_RETAIN_SELF = YES;
				CLANG_WARN_OBJC_LITERAL_CONVERSION = YES;
				CLANG_WARN_OBJC_ROOT_CLASS = YES_ERROR;
				CLANG_WARN_QUOTED_INCLUDE_IN_FRAMEWORK_HEADER = YES;
				CLANG_WARN_RANGE_LOOP_ANALYSIS = YES;
				CLANG_WARN_STRICT_PROTOTYPES = YES;
				CLANG_WARN_SUSPICIOUS_MOVE = YES;
				CLANG_WARN_UNGUARDED_AVAILABILITY = YES_AGGRESSIVE;
				CLANG_WARN_UNREACHABLE_CODE = YES;
				CLANG_WARN__DUPLICATE_METHOD_MATCH = YES;
				CODE_SIGNING_REQUIRED = NO;
				CODE_SIGN_IDENTITY = "-";
				CODE_SIGN_STYLE = Manual;
				COPY_PHASE_STRIP = NO;
				CURRENT_PROJECT_VERSION = 1;
				DEBUG_INFORMATION_FORMAT = "dwarf-with-dsym";
				DEVELOPMENT_TEAM = "";
				ENABLE_NS_ASSERTIONS = NO;
				ENABLE_STRICT_OBJC_MSGSEND = YES;
				GCC_C_LANGUAGE_STANDARD = gnu11;
				GCC_NO_COMMON_BLOCKS = YES;
				GCC_WARN_64_TO_32_BIT_CONVERSION = YES;
				GCC_WARN_ABOUT_RETURN_TYPE = YES_ERROR;
				GCC_WARN_UNDECLARED_SELECTOR = YES;
				GCC_WARN_UNINITIALIZED_AUTOS = YES_AGGRESSIVE;
				GCC_WARN_UNUSED_FUNCTION = YES;
				GCC_WARN_UNUSED_VARIABLE = YES;
				MACOSX_DEPLOYMENT_TARGET = 15.0;
				MARKETING_VERSION = 1.0.0;
				MTL_ENABLE_DEBUG_INFO = NO;
				MTL_FAST_MATH = YES;
				PRODUCT_NAME = "$(TARGET_NAME)";
				SDKROOT = macosx;
				SWIFT_COMPILATION_MODE = wholemodule;
				SWIFT_OPTIMIZATION_LEVEL = "-O";
				SWIFT_VERSION = 6.0;
			};
			name = Release;
		};
		58780C3F46ACBE6A45FBE211 /* Debug */ = {
			isa = XCBuildConfiguration;
			buildSettings = {
				ASSETCATALOG_COMPILER_APPICON_NAME = AppIcon;
				CODE_SIGNING_REQUIRED = NO;
				CODE_SIGN_IDENTITY = "-";
				COMBINE_HIDPI_IMAGES = YES;
				ENABLE_HARDENED_RUNTIME = NO;
				GENERATE_INFOPLIST_FILE = NO;
				INFOPLIST_FILE = Info.plist;
				LD_RUNPATH_SEARCH_PATHS = "@executable_path/../Frameworks";
				MACOSX_DEPLOYMENT_TARGET = 15.0;
				PRODUCT_BUNDLE_IDENTIFIER = com.cadence.macos;
				SDKROOT = macosx;
				SWIFT_EMIT_LOC_STRINGS = YES;
			};
			name = Debug;
		};
		6D7EE213CCE5FF850F352701 /* Release */ = {
			isa = XCBuildConfiguration;
			buildSettings = {
				ASSETCATALOG_COMPILER_APPICON_NAME = AppIcon;
				CODE_SIGNING_REQUIRED = NO;
				CODE_SIGN_IDENTITY = "-";
				COMBINE_HIDPI_IMAGES = YES;
				ENABLE_HARDENED_RUNTIME = NO;
				GENERATE_INFOPLIST_FILE = NO;
				INFOPLIST_FILE = Info.plist;
				LD_RUNPATH_SEARCH_PATHS = "@executable_path/../Frameworks";
				MACOSX_DEPLOYMENT_TARGET = 15.0;
				PRODUCT_BUNDLE_IDENTIFIER = com.cadence.macos;
				SDKROOT = macosx;
				SWIFT_EMIT_LOC_STRINGS = YES;
			};
			name = Release;
		};
		C2EBF0AB4B7A531C24CDAD46 /* Debug */ = {
			isa = XCBuildConfiguration;
			buildSettings = {
				ALWAYS_SEARCH_USER_PATHS = NO;
				CLANG_ANALYZER_NONNULL = YES;
				CLANG_ANALYZER_NUMBER_OBJECT_CONVERSION = YES_AGGRESSIVE;
				CLANG_CXX_LANGUAGE_STANDARD = "gnu++14";
				CLANG_CXX_LIBRARY = "libc++";
				CLANG_ENABLE_MODULES = YES;
				CLANG_ENABLE_OBJC_ARC = YES;
				CLANG_ENABLE_OBJC_WEAK = YES;
				CLANG_WARN_BLOCK_CAPTURE_AUTORELEASING = YES;
				CLANG_WARN_BOOL_CONVERSION = YES;
				CLANG_WARN_COMMA = YES;
				CLANG_WARN_CONSTANT_CONVERSION = YES;
				CLANG_WARN_DEPRECATED_OBJC_IMPLEMENTATIONS = YES;
				CLANG_WARN_DIRECT_OBJC_ISA_USAGE = YES_ERROR;
				CLANG_WARN_DOCUMENTATION_COMMENTS = YES;
				CLANG_WARN_EMPTY_BODY = YES;
				CLANG_WARN_ENUM_CONVERSION = YES;
				CLANG_WARN_INFINITE_RECURSION = YES;
				CLANG_WARN_INT_CONVERSION = YES;
				CLANG_WARN_NON_LITERAL_NULL_CONVERSION = YES;
				CLANG_WARN_OBJC_IMPLICIT_RETAIN_SELF = YES;
				CLANG_WARN_OBJC_LITERAL_CONVERSION = YES;
				CLANG_WARN_OBJC_ROOT_CLASS = YES_ERROR;
				CLANG_WARN_QUOTED_INCLUDE_IN_FRAMEWORK_HEADER = YES;
				CLANG_WARN_RANGE_LOOP_ANALYSIS = YES;
				CLANG_WARN_STRICT_PROTOTYPES = YES;
				CLANG_WARN_SUSPICIOUS_MOVE = YES;
				CLANG_WARN_UNGUARDED_AVAILABILITY = YES_AGGRESSIVE;
				CLANG_WARN_UNREACHABLE_CODE = YES;
				CLANG_WARN__DUPLICATE_METHOD_MATCH = YES;
				CODE_SIGNING_REQUIRED = NO;
				CODE_SIGN_IDENTITY = "-";
				CODE_SIGN_STYLE = Manual;
				COPY_PHASE_STRIP = NO;
				CURRENT_PROJECT_VERSION = 1;
				DEBUG_INFORMATION_FORMAT = dwarf;
				DEVELOPMENT_TEAM = "";
				ENABLE_STRICT_OBJC_MSGSEND = YES;
				ENABLE_TESTABILITY = YES;
				GCC_C_LANGUAGE_STANDARD = gnu11;
				GCC_DYNAMIC_NO_PIC = NO;
				GCC_NO_COMMON_BLOCKS = YES;
				GCC_OPTIMIZATION_LEVEL = 0;
				GCC_PREPROCESSOR_DEFINITIONS = (
					"$(inherited)",
					"DEBUG=1",
				);
				GCC_WARN_64_TO_32_BIT_CONVERSION = YES;
				GCC_WARN_ABOUT_RETURN_TYPE = YES_ERROR;
				GCC_WARN_UNDECLARED_SELECTOR = YES;
				GCC_WARN_UNINITIALIZED_AUTOS = YES_AGGRESSIVE;
				GCC_WARN_UNUSED_FUNCTION = YES;
				GCC_WARN_UNUSED_VARIABLE = YES;
				MACOSX_DEPLOYMENT_TARGET = 15.0;
				MARKETING_VERSION = 1.0.0;
				MTL_ENABLE_DEBUG_INFO = INCLUDE_SOURCE;
				MTL_FAST_MATH = YES;
				ONLY_ACTIVE_ARCH = YES;
				PRODUCT_NAME = "$(TARGET_NAME)";
				SDKROOT = macosx;
				SWIFT_ACTIVE_COMPILATION_CONDITIONS = DEBUG;
				SWIFT_OPTIMIZATION_LEVEL = "-Onone";
				SWIFT_VERSION = 6.0;
			};
			name = Debug;
		};
/* End XCBuildConfiguration section */

/* Begin XCConfigurationList section */
		0350091E5015FA0EBCB2EC7B /* Build configuration list for PBXNativeTarget "CadenceMac" */ = {
			isa = XCConfigurationList;
			buildConfigurations = (
				58780C3F46ACBE6A45FBE211 /* Debug */,
				6D7EE213CCE5FF850F352701 /* Release */,
			);
			defaultConfigurationIsVisible = 0;
			defaultConfigurationName = Debug;
		};
		456F98E878D2E638CCDA00ED /* Build configuration list for PBXProject "CadenceMac" */ = {
			isa = XCConfigurationList;
			buildConfigurations = (
				C2EBF0AB4B7A531C24CDAD46 /* Debug */,
				2237E98A1326FCD0F4A60206 /* Release */,
			);
			defaultConfigurationIsVisible = 0;
			defaultConfigurationName = Debug;
		};
/* End XCConfigurationList section */
	};
	rootObject = 476CDB8ACA66B917F5654F4E /* Project object */;
}
