// !$*UTF8*$!
{
	archiveVersion = 1;
	classes = {
	};
	objectVersion = 54;
	objects = {

/* Begin PBXBuildFile section */
		04A43A9B3FA477C3DDB1D518 /* WeeklyGoalRing.swift in Sources */ = {isa = PBXBuildFile; fileRef = FEC762258E6149D81BB91166 /* WeeklyGoalRing.swift */; };
		0513F9D8AFF926CF04577E2F /* ExportService.swift in Sources */ = {isa = PBXBuildFile; fileRef = A493BC4DD0AB0E31197AA85F /* ExportService.swift */; };
		0C8113642F7748D3B1935B14 /* Brand.swift in Sources */ = {isa = PBXBuildFile; fileRef = E6E8675E2CF325F9739D0160 /* Brand.swift */; };
		134C6922F42442B5253E1085 /* FlowStateService.swift in Sources */ = {isa = PBXBuildFile; fileRef = 4A1687A6046E9653C8578F80 /* FlowStateService.swift */; };
		1CBCF49235138427F6B7F392 /* ContentView.swift in Sources */ = {isa = PBXBuildFile; fileRef = 0E947B22D92237B927C9DE0E /* ContentView.swift */; };
		21C2B619EFAD1E292B37B1E1 /* AchievementBadgeView.swift in Sources */ = {isa = PBXBuildFile; fileRef = 6768B68B4CCE6512D602A519 /* AchievementBadgeView.swift */; };
		2531905D75109FA9AFFA6A3E /* Session.swift in Sources */ = {isa = PBXBuildFile; fileRef = 28BDA70A9F1D94A5499A54A2 /* Session.swift */; };
		2E9373E3977B08A6820B3A41 /* R14-Cadence2.md in Resources */ = {isa = PBXBuildFile; fileRef = 5EAE64F69CB0C0B0A6C325DD /* R14-Cadence2.md */; };
		2F4FBDE851D54B016CEF3F69 /* Assets.xcassets in Resources */ = {isa = PBXBuildFile; fileRef = A749C288E5597F383050F5CC /* Assets.xcassets */; };
		31619F94FD7B9CCA5316A011 /* PrivacyInfo.xcprivacy in Resources */ = {isa = PBXBuildFile; fileRef = 388D30C32C6462DA9D934BD1 /* PrivacyInfo.xcprivacy */; };
		39A0E690B3832A0A05E29A5D /* SessionCompleteView.swift in Sources */ = {isa = PBXBuildFile; fileRef = F127899DBA05418DB4AD7BCB /* SessionCompleteView.swift */; };
		3D1AFBC31D3B8FB5A2B94AE7 /* ShareSheet.swift in Sources */ = {isa = PBXBuildFile; fileRef = B18804812E1DAC9B4A7B9874 /* ShareSheet.swift */; };
		4345C269F3075A7544400356 /* MatchingService.swift in Sources */ = {isa = PBXBuildFile; fileRef = 79F9CD103209F4F098ED75D0 /* MatchingService.swift */; };
		43A6653D967FC59ABC91624E /* CadenceApp.swift in Sources */ = {isa = PBXBuildFile; fileRef = CCD2468FAE7A89F2B18DEDAF /* CadenceApp.swift */; };
		466B24088CFE595005797700 /* InvestorPitch.swift in Sources */ = {isa = PBXBuildFile; fileRef = 422BDC31B910E2025F25D72E /* InvestorPitch.swift */; };
		46E21F35E8100D960EFBED05 /* R18-Cadence3Vision.md in Resources */ = {isa = PBXBuildFile; fileRef = 803DACA001826D29F9317C24 /* R18-Cadence3Vision.md */; };
		4A91EFAE9BA7B330DEBA8173 /* UpgradeSheet.swift in Sources */ = {isa = PBXBuildFile; fileRef = 6F2C9F59EED4A440D8E182B4 /* UpgradeSheet.swift */; };
		532FD20CEF843D4C29E46532 /* CadenceR11Service.swift in Sources */ = {isa = PBXBuildFile; fileRef = E7BC3D1C8AD3ED42D12FB090 /* CadenceR11Service.swift */; };
		55B1A4D3609414BB0F9C452C /* BreathingOrb.swift in Sources */ = {isa = PBXBuildFile; fileRef = 32E8A99283BFDACB9706B773 /* BreathingOrb.swift */; };
		590A1E1EF1FC17FB39FAE8D0 /* Team.swift in Sources */ = {isa = PBXBuildFile; fileRef = 5C7BDFC43E37BC31B7797443 /* Team.swift */; };
		5FA7800449463E49AB680A38 /* AchievementsView.swift in Sources */ = {isa = PBXBuildFile; fileRef = 25114F977ECCC2FA78D13AC8 /* AchievementsView.swift */; };
		6161ABD89E18E81145999A1F /* Statistics.swift in Sources */ = {isa = PBXBuildFile; fileRef = FE3FD1926D9C8180108748D5 /* Statistics.swift */; };
		61A18B7E639B52BB6EDA19A3 /* R15-AwardsBrand.md in Resources */ = {isa = PBXBuildFile; fileRef = 639971444B6088AE6B77316E /* R15-AwardsBrand.md */; };
		61FE457E1D247EF024E7F614 /* PartnerRadarView.swift in Sources */ = {isa = PBXBuildFile; fileRef = 67D9EDD2B4231A57E1A2FB48 /* PartnerRadarView.swift */; };
		63B95BC44662F7121D852122 /* Subscription.swift in Sources */ = {isa = PBXBuildFile; fileRef = 0A8421A7059AA3EFE5CD607D /* Subscription.swift */; };
		71056E7658FBB916B14BA805 /* TeamView.swift in Sources */ = {isa = PBXBuildFile; fileRef = 30897791A03E694FDF3957C6 /* TeamView.swift */; };
		71E98F985B9580BBB46A94D0 /* SettingsView.swift in Sources */ = {isa = PBXBuildFile; fileRef = 0ABCCA99066E21571EF867D4 /* SettingsView.swift */; };
		74931245AD1508086A920593 /* R17-TeamCompany.md in Resources */ = {isa = PBXBuildFile; fileRef = F58E67D00C1A2A6A28B08A48 /* R17-TeamCompany.md */; };
		8260D565CB71FD9834EF7BDC /* Achievement.swift in Sources */ = {isa = PBXBuildFile; fileRef = 23317AB3E4C7A5BCFFABB6BC /* Achievement.swift */; };
		8516642D98476148868431F1 /* Partner.swift in Sources */ = {isa = PBXBuildFile; fileRef = 920D729698A6C2028BC8E6B5 /* Partner.swift */; };
		879654BFBF2C3D928E2DEF00 /* R13-PlatformExpansion.md in Resources */ = {isa = PBXBuildFile; fileRef = 53355D93DBF1EA76B174AFDC /* R13-PlatformExpansion.md */; };
		89E8617C43FFA6EEE2986132 /* Company.swift in Sources */ = {isa = PBXBuildFile; fileRef = 80531CF916E0193ACFBCDD7C /* Company.swift */; };
		901FB8ACE24C40798A2EC712 /* FocusTimerView.swift in Sources */ = {isa = PBXBuildFile; fileRef = 9C24101AFF949184E310E897 /* FocusTimerView.swift */; };
		905F26F3A31FBD01C3E2D108 /* Mission.swift in Sources */ = {isa = PBXBuildFile; fileRef = D633C2E4B1DB7B270822CCD7 /* Mission.swift */; };
		9E442462AF8CA0BEE4292A51 /* SoundPickerView.swift in Sources */ = {isa = PBXBuildFile; fileRef = 738321572C2A1E4AD9CCDDB7 /* SoundPickerView.swift */; };
		A8BC55F7D407CA6CB1311DC8 /* SessionViewModel.swift in Sources */ = {isa = PBXBuildFile; fileRef = 0795D8736740466B086C019C /* SessionViewModel.swift */; };
		ACE44B72C1621DB738186A84 /* R16-PlatformAPI.md in Resources */ = {isa = PBXBuildFile; fileRef = 001BF8924534C853AC1796EB /* R16-PlatformAPI.md */; };
		B03C063D83E9D45BBE98222D /* R20-Legacy.md in Resources */ = {isa = PBXBuildFile; fileRef = 149651A051C25858CDD683B0 /* R20-Legacy.md */; };
		B2FF3E0D966C96A0D5D31014 /* FreemiumService.swift in Sources */ = {isa = PBXBuildFile; fileRef = CF272DA402225DB5CC06CF0E /* FreemiumService.swift */; };
		B66191184DD7F7E38B37FE54 /* AICoachingService.swift in Sources */ = {isa = PBXBuildFile; fileRef = 8309BBA6DE3C3718E98D8DE8 /* AICoachingService.swift */; };
		B943E5650BCB3982EBA683F4 /* FocusPredictionService.swift in Sources */ = {isa = PBXBuildFile; fileRef = 1C55EF103A0E6A83EF09FAA1 /* FocusPredictionService.swift */; };
		BA92974BC1060FB3BD32D761 /* ChallengesView.swift in Sources */ = {isa = PBXBuildFile; fileRef = 88C412B9F287112D8AF9892E /* ChallengesView.swift */; };
		BDBD112585DBC411560D1689 /* SoundService.swift in Sources */ = {isa = PBXBuildFile; fileRef = 357F0A8B0CBBE46F30B28767 /* SoundService.swift */; };
		BF6BF2876A996492DA97B8D4 /* FocusService.swift in Sources */ = {isa = PBXBuildFile; fileRef = 928F1A36CE16D746D07C6C18 /* FocusService.swift */; };
		C07F566ADDC4957211F8E460 /* LeaderboardView.swift in Sources */ = {isa = PBXBuildFile; fileRef = BB244049E748E4E07F03FB11 /* LeaderboardView.swift */; };
		C411DBBE95882F37AB19A20C /* EmptyStateView.swift in Sources */ = {isa = PBXBuildFile; fileRef = A855007C4C872B40A6999994 /* EmptyStateView.swift */; };
		CD725A8CB422AAE6091CA9BA /* FocusHistoryView.swift in Sources */ = {isa = PBXBuildFile; fileRef = 2E9C7980B969F8161B46666B /* FocusHistoryView.swift */; };
		CDA2835CA8B4D7809B545ABC /* Challenge.swift in Sources */ = {isa = PBXBuildFile; fileRef = 03CE6D5572221722DDAD9C69 /* Challenge.swift */; };
		D0196625CAF59E8B1385DDB9 /* MatchFoundSheet.swift in Sources */ = {isa = PBXBuildFile; fileRef = D095021B189952B26E14A784 /* MatchFoundSheet.swift */; };
		D8481EDD501245EDFCFB1079 /* CalendarExportService.swift in Sources */ = {isa = PBXBuildFile; fileRef = AC025F6F9E48A8570D46389B /* CalendarExportService.swift */; };
		DA189F865D0B707FF2EE1542 /* SubscriptionService.swift in Sources */ = {isa = PBXBuildFile; fileRef = 4598D404AEA996B6F1EF4E4C /* SubscriptionService.swift */; };
		DFADA680A13DB9CC0E66FD40 /* CadenceR12Service.swift in Sources */ = {isa = PBXBuildFile; fileRef = 5788B280667C7975DD5AD97B /* CadenceR12Service.swift */; };
		E306BA0709E933B0990EA908 /* APIService.swift in Sources */ = {isa = PBXBuildFile; fileRef = 0EB477ECF3777E8EE358944C /* APIService.swift */; };
		E6F5D98EB3506E42BEC1A623 /* GlassTabBar.swift in Sources */ = {isa = PBXBuildFile; fileRef = 1AE9357B3F0F4F631DB0C3A1 /* GlassTabBar.swift */; };
		E7642295774AEE2028A39983 /* AICoachService.swift in Sources */ = {isa = PBXBuildFile; fileRef = A2C53B2C50C68ED43B334D44 /* AICoachService.swift */; };
		E81C9767423FECC20D8C2C89 /* TeamService.swift in Sources */ = {isa = PBXBuildFile; fileRef = AB7F4D7573D17F9FD72B70FC /* TeamService.swift */; };
		EAB6A785DE824953EBF7F4EF /* StatisticsService.swift in Sources */ = {isa = PBXBuildFile; fileRef = CBFB23D715C3E615B138960E /* StatisticsService.swift */; };
		EF7D600B19E788C07A73ACAD /* LeaderboardViewModel.swift in Sources */ = {isa = PBXBuildFile; fileRef = 524713FDAB7AA90B60CF5C1E /* LeaderboardViewModel.swift */; };
		F88D8C1E4A0944A4BC0F1724 /* R19-TeamCompany2.md in Resources */ = {isa = PBXBuildFile; fileRef = 434E0678479ECD514DBABEE4 /* R19-TeamCompany2.md */; };
		F8CE45BF66A1018B7C751D6F /* InsightsView.swift in Sources */ = {isa = PBXBuildFile; fileRef = E2C27A4A486ED3067DF1769C /* InsightsView.swift */; };
		FA71A308E572C0C3CF4B4A45 /* DatabaseService.swift in Sources */ = {isa = PBXBuildFile; fileRef = 7E9EC46DECF522B5AB09EC1C /* DatabaseService.swift */; };
		FA7430B54C99FB0A9BE95496 /* Sound.swift in Sources */ = {isa = PBXBuildFile; fileRef = 0FEBDF4E374322EFC76636B9 /* Sound.swift */; };
/* End PBXBuildFile section */

/* Begin PBXFileReference section */
		001BF8924534C853AC1796EB /* R16-PlatformAPI.md */ = {isa = PBXFileReference; lastKnownFileType = net.daringfireball.markdown; path = "R16-PlatformAPI.md"; sourceTree = "<group>"; };
		03CE6D5572221722DDAD9C69 /* Challenge.swift */ = {isa = PBXFileReference; lastKnownFileType = sourcecode.swift; path = Challenge.swift; sourceTree = "<group>"; };
		0795D8736740466B086C019C /* SessionViewModel.swift */ = {isa = PBXFileReference; lastKnownFileType = sourcecode.swift; path = SessionViewModel.swift; sourceTree = "<group>"; };
		0A8421A7059AA3EFE5CD607D /* Subscription.swift */ = {isa = PBXFileReference; lastKnownFileType = sourcecode.swift; path = Subscription.swift; sourceTree = "<group>"; };
		0ABCCA99066E21571EF867D4 /* SettingsView.swift */ = {isa = PBXFileReference; lastKnownFileType = sourcecode.swift; path = SettingsView.swift; sourceTree = "<group>"; };
		0E947B22D92237B927C9DE0E /* ContentView.swift */ = {isa = PBXFileReference; lastKnownFileType = sourcecode.swift; path = ContentView.swift; sourceTree = "<group>"; };
		0EB477ECF3777E8EE358944C /* APIService.swift */ = {isa = PBXFileReference; lastKnownFileType = sourcecode.swift; path = APIService.swift; sourceTree = "<group>"; };
		0FEBDF4E374322EFC76636B9 /* Sound.swift */ = {isa = PBXFileReference; lastKnownFileType = sourcecode.swift; path = Sound.swift; sourceTree = "<group>"; };
		149651A051C25858CDD683B0 /* R20-Legacy.md */ = {isa = PBXFileReference; lastKnownFileType = net.daringfireball.markdown; path = "R20-Legacy.md"; sourceTree = "<group>"; };
		1AE9357B3F0F4F631DB0C3A1 /* GlassTabBar.swift */ = {isa = PBXFileReference; lastKnownFileType = sourcecode.swift; path = GlassTabBar.swift; sourceTree = "<group>"; };
		1C55EF103A0E6A83EF09FAA1 /* FocusPredictionService.swift */ = {isa = PBXFileReference; lastKnownFileType = sourcecode.swift; path = FocusPredictionService.swift; sourceTree = "<group>"; };
		23317AB3E4C7A5BCFFABB6BC /* Achievement.swift */ = {isa = PBXFileReference; lastKnownFileType = sourcecode.swift; path = Achievement.swift; sourceTree = "<group>"; };
		25114F977ECCC2FA78D13AC8 /* AchievementsView.swift */ = {isa = PBXFileReference; lastKnownFileType = sourcecode.swift; path = AchievementsView.swift; sourceTree = "<group>"; };
		2747B5C0BD75EFECA1D2569B /* Cadence.app */ = {isa = PBXFileReference; includeInIndex = 0; lastKnownFileType = wrapper.application; path = Cadence.app; sourceTree = BUILT_PRODUCTS_DIR; };
		28BDA70A9F1D94A5499A54A2 /* Session.swift */ = {isa = PBXFileReference; lastKnownFileType = sourcecode.swift; path = Session.swift; sourceTree = "<group>"; };
		2D05198AB1A24815EC49E523 /* Cadence.entitlements */ = {isa = PBXFileReference; lastKnownFileType = text.plist.entitlements; path = Cadence.entitlements; sourceTree = "<group>"; };
		2E9C7980B969F8161B46666B /* FocusHistoryView.swift */ = {isa = PBXFileReference; lastKnownFileType = sourcecode.swift; path = FocusHistoryView.swift; sourceTree = "<group>"; };
		30897791A03E694FDF3957C6 /* TeamView.swift */ = {isa = PBXFileReference; lastKnownFileType = sourcecode.swift; path = TeamView.swift; sourceTree = "<group>"; };
		32E8A99283BFDACB9706B773 /* BreathingOrb.swift */ = {isa = PBXFileReference; lastKnownFileType = sourcecode.swift; path = BreathingOrb.swift; sourceTree = "<group>"; };
		357F0A8B0CBBE46F30B28767 /* SoundService.swift */ = {isa = PBXFileReference; lastKnownFileType = sourcecode.swift; path = SoundService.swift; sourceTree = "<group>"; };
		388D30C32C6462DA9D934BD1 /* PrivacyInfo.xcprivacy */ = {isa = PBXFileReference; path = PrivacyInfo.xcprivacy; sourceTree = "<group>"; };
		422BDC31B910E2025F25D72E /* InvestorPitch.swift */ = {isa = PBXFileReference; lastKnownFileType = sourcecode.swift; path = InvestorPitch.swift; sourceTree = "<group>"; };
		434E0678479ECD514DBABEE4 /* R19-TeamCompany2.md */ = {isa = PBXFileReference; lastKnownFileType = net.daringfireball.markdown; path = "R19-TeamCompany2.md"; sourceTree = "<group>"; };
		4598D404AEA996B6F1EF4E4C /* SubscriptionService.swift */ = {isa = PBXFileReference; lastKnownFileType = sourcecode.swift; path = SubscriptionService.swift; sourceTree = "<group>"; };
		4A1687A6046E9653C8578F80 /* FlowStateService.swift */ = {isa = PBXFileReference; lastKnownFileType = sourcecode.swift; path = FlowStateService.swift; sourceTree = "<group>"; };
		524713FDAB7AA90B60CF5C1E /* LeaderboardViewModel.swift */ = {isa = PBXFileReference; lastKnownFileType = sourcecode.swift; path = LeaderboardViewModel.swift; sourceTree = "<group>"; };
		53355D93DBF1EA76B174AFDC /* R13-PlatformExpansion.md */ = {isa = PBXFileReference; lastKnownFileType = net.daringfireball.markdown; path = "R13-PlatformExpansion.md"; sourceTree = "<group>"; };
		5788B280667C7975DD5AD97B /* CadenceR12Service.swift */ = {isa = PBXFileReference; lastKnownFileType = sourcecode.swift; path = CadenceR12Service.swift; sourceTree = "<group>"; };
		5C7BDFC43E37BC31B7797443 /* Team.swift */ = {isa = PBXFileReference; lastKnownFileType = sourcecode.swift; path = Team.swift; sourceTree = "<group>"; };
		5EAE64F69CB0C0B0A6C325DD /* R14-Cadence2.md */ = {isa = PBXFileReference; lastKnownFileType = net.daringfireball.markdown; path = "R14-Cadence2.md"; sourceTree = "<group>"; };
		639971444B6088AE6B77316E /* R15-AwardsBrand.md */ = {isa = PBXFileReference; lastKnownFileType = net.daringfireball.markdown; path = "R15-AwardsBrand.md"; sourceTree = "<group>"; };
		6768B68B4CCE6512D602A519 /* AchievementBadgeView.swift */ = {isa = PBXFileReference; lastKnownFileType = sourcecode.swift; path = AchievementBadgeView.swift; sourceTree = "<group>"; };
		67D9EDD2B4231A57E1A2FB48 /* PartnerRadarView.swift */ = {isa = PBXFileReference; lastKnownFileType = sourcecode.swift; path = PartnerRadarView.swift; sourceTree = "<group>"; };
		6F2C9F59EED4A440D8E182B4 /* UpgradeSheet.swift */ = {isa = PBXFileReference; lastKnownFileType = sourcecode.swift; path = UpgradeSheet.swift; sourceTree = "<group>"; };
		738321572C2A1E4AD9CCDDB7 /* SoundPickerView.swift */ = {isa = PBXFileReference; lastKnownFileType = sourcecode.swift; path = SoundPickerView.swift; sourceTree = "<group>"; };
		79F9CD103209F4F098ED75D0 /* MatchingService.swift */ = {isa = PBXFileReference; lastKnownFileType = sourcecode.swift; path = MatchingService.swift; sourceTree = "<group>"; };
		7E9EC46DECF522B5AB09EC1C /* DatabaseService.swift */ = {isa = PBXFileReference; lastKnownFileType = sourcecode.swift; path = DatabaseService.swift; sourceTree = "<group>"; };
		803DACA001826D29F9317C24 /* R18-Cadence3Vision.md */ = {isa = PBXFileReference; lastKnownFileType = net.daringfireball.markdown; path = "R18-Cadence3Vision.md"; sourceTree = "<group>"; };
		80531CF916E0193ACFBCDD7C /* Company.swift */ = {isa = PBXFileReference; lastKnownFileType = sourcecode.swift; path = Company.swift; sourceTree = "<group>"; };
		8309BBA6DE3C3718E98D8DE8 /* AICoachingService.swift */ = {isa = PBXFileReference; lastKnownFileType = sourcecode.swift; path = AICoachingService.swift; sourceTree = "<group>"; };
		88C412B9F287112D8AF9892E /* ChallengesView.swift */ = {isa = PBXFileReference; lastKnownFileType = sourcecode.swift; path = ChallengesView.swift; sourceTree = "<group>"; };
		920D729698A6C2028BC8E6B5 /* Partner.swift */ = {isa = PBXFileReference; lastKnownFileType = sourcecode.swift; path = Partner.swift; sourceTree = "<group>"; };
		928F1A36CE16D746D07C6C18 /* FocusService.swift */ = {isa = PBXFileReference; lastKnownFileType = sourcecode.swift; path = FocusService.swift; sourceTree = "<group>"; };
		9C24101AFF949184E310E897 /* FocusTimerView.swift */ = {isa = PBXFileReference; lastKnownFileType = sourcecode.swift; path = FocusTimerView.swift; sourceTree = "<group>"; };
		A2C53B2C50C68ED43B334D44 /* AICoachService.swift */ = {isa = PBXFileReference; lastKnownFileType = sourcecode.swift; path = AICoachService.swift; sourceTree = "<group>"; };
		A493BC4DD0AB0E31197AA85F /* ExportService.swift */ = {isa = PBXFileReference; lastKnownFileType = sourcecode.swift; path = ExportService.swift; sourceTree = "<group>"; };
		A749C288E5597F383050F5CC /* Assets.xcassets */ = {isa = PBXFileReference; lastKnownFileType = folder.assetcatalog; path = Assets.xcassets; sourceTree = "<group>"; };
		A855007C4C872B40A6999994 /* EmptyStateView.swift */ = {isa = PBXFileReference; lastKnownFileType = sourcecode.swift; path = EmptyStateView.swift; sourceTree = "<group>"; };
		AB7F4D7573D17F9FD72B70FC /* TeamService.swift */ = {isa = PBXFileReference; lastKnownFileType = sourcecode.swift; path = TeamService.swift; sourceTree = "<group>"; };
		AC025F6F9E48A8570D46389B /* CalendarExportService.swift */ = {isa = PBXFileReference; lastKnownFileType = sourcecode.swift; path = CalendarExportService.swift; sourceTree = "<group>"; };
		B18804812E1DAC9B4A7B9874 /* ShareSheet.swift */ = {isa = PBXFileReference; lastKnownFileType = sourcecode.swift; path = ShareSheet.swift; sourceTree = "<group>"; };
		BB244049E748E4E07F03FB11 /* LeaderboardView.swift */ = {isa = PBXFileReference; lastKnownFileType = sourcecode.swift; path = LeaderboardView.swift; sourceTree = "<group>"; };
		C7C2C883C88ABF623FF04084 /* Info.plist */ = {isa = PBXFileReference; lastKnownFileType = text.plist; path = Info.plist; sourceTree = "<group>"; };
		CBFB23D715C3E615B138960E /* StatisticsService.swift */ = {isa = PBXFileReference; lastKnownFileType = sourcecode.swift; path = StatisticsService.swift; sourceTree = "<group>"; };
		CCD2468FAE7A89F2B18DEDAF /* CadenceApp.swift */ = {isa = PBXFileReference; lastKnownFileType = sourcecode.swift; path = CadenceApp.swift; sourceTree = "<group>"; };
		CF272DA402225DB5CC06CF0E /* FreemiumService.swift */ = {isa = PBXFileReference; lastKnownFileType = sourcecode.swift; path = FreemiumService.swift; sourceTree = "<group>"; };
		D095021B189952B26E14A784 /* MatchFoundSheet.swift */ = {isa = PBXFileReference; lastKnownFileType = sourcecode.swift; path = MatchFoundSheet.swift; sourceTree = "<group>"; };
		D633C2E4B1DB7B270822CCD7 /* Mission.swift */ = {isa = PBXFileReference; lastKnownFileType = sourcecode.swift; path = Mission.swift; sourceTree = "<group>"; };
		E2C27A4A486ED3067DF1769C /* InsightsView.swift */ = {isa = PBXFileReference; lastKnownFileType = sourcecode.swift; path = InsightsView.swift; sourceTree = "<group>"; };
		E6E8675E2CF325F9739D0160 /* Brand.swift */ = {isa = PBXFileReference; lastKnownFileType = sourcecode.swift; path = Brand.swift; sourceTree = "<group>"; };
		E7BC3D1C8AD3ED42D12FB090 /* CadenceR11Service.swift */ = {isa = PBXFileReference; lastKnownFileType = sourcecode.swift; path = CadenceR11Service.swift; sourceTree = "<group>"; };
		F127899DBA05418DB4AD7BCB /* SessionCompleteView.swift */ = {isa = PBXFileReference; lastKnownFileType = sourcecode.swift; path = SessionCompleteView.swift; sourceTree = "<group>"; };
		F58E67D00C1A2A6A28B08A48 /* R17-TeamCompany.md */ = {isa = PBXFileReference; lastKnownFileType = net.daringfireball.markdown; path = "R17-TeamCompany.md"; sourceTree = "<group>"; };
		FE3FD1926D9C8180108748D5 /* Statistics.swift */ = {isa = PBXFileReference; lastKnownFileType = sourcecode.swift; path = Statistics.swift; sourceTree = "<group>"; };
		FEC762258E6149D81BB91166 /* WeeklyGoalRing.swift */ = {isa = PBXFileReference; lastKnownFileType = sourcecode.swift; path = WeeklyGoalRing.swift; sourceTree = "<group>"; };
/* End PBXFileReference section */

/* Begin PBXGroup section */
		4E6D004C3537C09E1BB0EA26 /* ViewModels */ = {
			isa = PBXGroup;
			children = (
				524713FDAB7AA90B60CF5C1E /* LeaderboardViewModel.swift */,
				0795D8736740466B086C019C /* SessionViewModel.swift */,
			);
			path = ViewModels;
			sourceTree = "<group>";
		};
		5875D9DE20878243E04EB85B /* Models */ = {
			isa = PBXGroup;
			children = (
				23317AB3E4C7A5BCFFABB6BC /* Achievement.swift */,
				03CE6D5572221722DDAD9C69 /* Challenge.swift */,
				920D729698A6C2028BC8E6B5 /* Partner.swift */,
				28BDA70A9F1D94A5499A54A2 /* Session.swift */,
				0FEBDF4E374322EFC76636B9 /* Sound.swift */,
				FE3FD1926D9C8180108748D5 /* Statistics.swift */,
				0A8421A7059AA3EFE5CD607D /* Subscription.swift */,
				5C7BDFC43E37BC31B7797443 /* Team.swift */,
			);
			path = Models;
			sourceTree = "<group>";
		};
		6A9F1C3B6267176F20AE4B03 = {
			isa = PBXGroup;
			children = (
				FD48710B608BE6A57DA448D7 /* Cadence */,
				ADFE63F9A7B11522B6C8E81A /* Products */,
			);
			sourceTree = "<group>";
		};
		78D2D1E4520BA69AC30BB1CB /* App */ = {
			isa = PBXGroup;
			children = (
				CCD2468FAE7A89F2B18DEDAF /* CadenceApp.swift */,
			);
			path = App;
			sourceTree = "<group>";
		};
		ADFE63F9A7B11522B6C8E81A /* Products */ = {
			isa = PBXGroup;
			children = (
				2747B5C0BD75EFECA1D2569B /* Cadence.app */,
			);
			name = Products;
			sourceTree = "<group>";
		};
		AE2F1C6C9DFB7E5BFCF6D60E /* Components */ = {
			isa = PBXGroup;
			children = (
				6768B68B4CCE6512D602A519 /* AchievementBadgeView.swift */,
				32E8A99283BFDACB9706B773 /* BreathingOrb.swift */,
				A855007C4C872B40A6999994 /* EmptyStateView.swift */,
				1AE9357B3F0F4F631DB0C3A1 /* GlassTabBar.swift */,
				D095021B189952B26E14A784 /* MatchFoundSheet.swift */,
				B18804812E1DAC9B4A7B9874 /* ShareSheet.swift */,
				FEC762258E6149D81BB91166 /* WeeklyGoalRing.swift */,
			);
			path = Components;
			sourceTree = "<group>";
		};
		AF84D73FDD2A67E851600BA6 /* Iterations */ = {
			isa = PBXGroup;
			children = (
				53355D93DBF1EA76B174AFDC /* R13-PlatformExpansion.md */,
				5EAE64F69CB0C0B0A6C325DD /* R14-Cadence2.md */,
				639971444B6088AE6B77316E /* R15-AwardsBrand.md */,
				001BF8924534C853AC1796EB /* R16-PlatformAPI.md */,
				F58E67D00C1A2A6A28B08A48 /* R17-TeamCompany.md */,
				803DACA001826D29F9317C24 /* R18-Cadence3Vision.md */,
				434E0678479ECD514DBABEE4 /* R19-TeamCompany2.md */,
				149651A051C25858CDD683B0 /* R20-Legacy.md */,
			);
			path = Iterations;
			sourceTree = "<group>";
		};
		B503AFF52A56DB4D78ECDCD4 /* Resources */ = {
			isa = PBXGroup;
			children = (
				A749C288E5597F383050F5CC /* Assets.xcassets */,
				E6E8675E2CF325F9739D0160 /* Brand.swift */,
				80531CF916E0193ACFBCDD7C /* Company.swift */,
				422BDC31B910E2025F25D72E /* InvestorPitch.swift */,
				D633C2E4B1DB7B270822CCD7 /* Mission.swift */,
			);
			path = Resources;
			sourceTree = "<group>";
		};
		C37C0191DAE1A99930DB8D9A /* Views */ = {
			isa = PBXGroup;
			children = (
				25114F977ECCC2FA78D13AC8 /* AchievementsView.swift */,
				88C412B9F287112D8AF9892E /* ChallengesView.swift */,
				0E947B22D92237B927C9DE0E /* ContentView.swift */,
				2E9C7980B969F8161B46666B /* FocusHistoryView.swift */,
				9C24101AFF949184E310E897 /* FocusTimerView.swift */,
				E2C27A4A486ED3067DF1769C /* InsightsView.swift */,
				BB244049E748E4E07F03FB11 /* LeaderboardView.swift */,
				67D9EDD2B4231A57E1A2FB48 /* PartnerRadarView.swift */,
				F127899DBA05418DB4AD7BCB /* SessionCompleteView.swift */,
				0ABCCA99066E21571EF867D4 /* SettingsView.swift */,
				738321572C2A1E4AD9CCDDB7 /* SoundPickerView.swift */,
				30897791A03E694FDF3957C6 /* TeamView.swift */,
				6F2C9F59EED4A440D8E182B4 /* UpgradeSheet.swift */,
				AE2F1C6C9DFB7E5BFCF6D60E /* Components */,
			);
			path = Views;
			sourceTree = "<group>";
		};
		C44473C867EA22AD5CDA9820 /* Services */ = {
			isa = PBXGroup;
			children = (
				8309BBA6DE3C3718E98D8DE8 /* AICoachingService.swift */,
				A2C53B2C50C68ED43B334D44 /* AICoachService.swift */,
				0EB477ECF3777E8EE358944C /* APIService.swift */,
				E7BC3D1C8AD3ED42D12FB090 /* CadenceR11Service.swift */,
				5788B280667C7975DD5AD97B /* CadenceR12Service.swift */,
				AC025F6F9E48A8570D46389B /* CalendarExportService.swift */,
				7E9EC46DECF522B5AB09EC1C /* DatabaseService.swift */,
				A493BC4DD0AB0E31197AA85F /* ExportService.swift */,
				4A1687A6046E9653C8578F80 /* FlowStateService.swift */,
				1C55EF103A0E6A83EF09FAA1 /* FocusPredictionService.swift */,
				928F1A36CE16D746D07C6C18 /* FocusService.swift */,
				CF272DA402225DB5CC06CF0E /* FreemiumService.swift */,
				79F9CD103209F4F098ED75D0 /* MatchingService.swift */,
				357F0A8B0CBBE46F30B28767 /* SoundService.swift */,
				CBFB23D715C3E615B138960E /* StatisticsService.swift */,
				4598D404AEA996B6F1EF4E4C /* SubscriptionService.swift */,
				AB7F4D7573D17F9FD72B70FC /* TeamService.swift */,
			);
			path = Services;
			sourceTree = "<group>";
		};
		FD48710B608BE6A57DA448D7 /* Cadence */ = {
			isa = PBXGroup;
			children = (
				2D05198AB1A24815EC49E523 /* Cadence.entitlements */,
				C7C2C883C88ABF623FF04084 /* Info.plist */,
				388D30C32C6462DA9D934BD1 /* PrivacyInfo.xcprivacy */,
				78D2D1E4520BA69AC30BB1CB /* App */,
				AF84D73FDD2A67E851600BA6 /* Iterations */,
				5875D9DE20878243E04EB85B /* Models */,
				B503AFF52A56DB4D78ECDCD4 /* Resources */,
				C44473C867EA22AD5CDA9820 /* Services */,
				4E6D004C3537C09E1BB0EA26 /* ViewModels */,
				C37C0191DAE1A99930DB8D9A /* Views */,
			);
			path = Cadence;
			sourceTree = "<group>";
		};
/* End PBXGroup section */

/* Begin PBXNativeTarget section */
		1D9D0CF3C214130166213D80 /* Cadence */ = {
			isa = PBXNativeTarget;
			buildConfigurationList = 07126B28B5B904C139BBD128 /* Build configuration list for PBXNativeTarget "Cadence" */;
			buildPhases = (
				1F5350DE3B53E65CAAF89D1D /* Sources */,
				BFA5A0EE784FE6F59E5E0293 /* Resources */,
			);
			buildRules = (
			);
			dependencies = (
			);
			name = Cadence;
			productName = Cadence;
			productReference = 2747B5C0BD75EFECA1D2569B /* Cadence.app */;
			productType = "com.apple.product-type.application";
		};
/* End PBXNativeTarget section */

/* Begin PBXProject section */
		9FA114BF81E88A4D01B65D31 /* Project object */ = {
			isa = PBXProject;
			attributes = {
				BuildIndependentTargetsInParallel = YES;
				LastUpgradeCheck = 1600;
				TargetAttributes = {
					1D9D0CF3C214130166213D80 = {
						DevelopmentTeam = "";
						ProvisioningStyle = Automatic;
					};
				};
			};
			buildConfigurationList = 6735F591880E2DF1BC393107 /* Build configuration list for PBXProject "Cadence" */;
			compatibilityVersion = "Xcode 14.0";
			developmentRegion = en;
			hasScannedForEncodings = 0;
			knownRegions = (
				Base,
				en,
			);
			mainGroup = 6A9F1C3B6267176F20AE4B03;
			projectDirPath = "";
			projectRoot = "";
			targets = (
				1D9D0CF3C214130166213D80 /* Cadence */,
			);
		};
/* End PBXProject section */

/* Begin PBXResourcesBuildPhase section */
		BFA5A0EE784FE6F59E5E0293 /* Resources */ = {
			isa = PBXResourcesBuildPhase;
			buildActionMask = 2147483647;
			files = (
				2F4FBDE851D54B016CEF3F69 /* Assets.xcassets in Resources */,
				31619F94FD7B9CCA5316A011 /* PrivacyInfo.xcprivacy in Resources */,
				879654BFBF2C3D928E2DEF00 /* R13-PlatformExpansion.md in Resources */,
				2E9373E3977B08A6820B3A41 /* R14-Cadence2.md in Resources */,
				61A18B7E639B52BB6EDA19A3 /* R15-AwardsBrand.md in Resources */,
				ACE44B72C1621DB738186A84 /* R16-PlatformAPI.md in Resources */,
				74931245AD1508086A920593 /* R17-TeamCompany.md in Resources */,
				46E21F35E8100D960EFBED05 /* R18-Cadence3Vision.md in Resources */,
				F88D8C1E4A0944A4BC0F1724 /* R19-TeamCompany2.md in Resources */,
				B03C063D83E9D45BBE98222D /* R20-Legacy.md in Resources */,
			);
			runOnlyForDeploymentPostprocessing = 0;
		};
/* End PBXResourcesBuildPhase section */

/* Begin PBXSourcesBuildPhase section */
		1F5350DE3B53E65CAAF89D1D /* Sources */ = {
			isa = PBXSourcesBuildPhase;
			buildActionMask = 2147483647;
			files = (
				E7642295774AEE2028A39983 /* AICoachService.swift in Sources */,
				B66191184DD7F7E38B37FE54 /* AICoachingService.swift in Sources */,
				E306BA0709E933B0990EA908 /* APIService.swift in Sources */,
				8260D565CB71FD9834EF7BDC /* Achievement.swift in Sources */,
				21C2B619EFAD1E292B37B1E1 /* AchievementBadgeView.swift in Sources */,
				5FA7800449463E49AB680A38 /* AchievementsView.swift in Sources */,
				0C8113642F7748D3B1935B14 /* Brand.swift in Sources */,
				55B1A4D3609414BB0F9C452C /* BreathingOrb.swift in Sources */,
				43A6653D967FC59ABC91624E /* CadenceApp.swift in Sources */,
				532FD20CEF843D4C29E46532 /* CadenceR11Service.swift in Sources */,
				DFADA680A13DB9CC0E66FD40 /* CadenceR12Service.swift in Sources */,
				D8481EDD501245EDFCFB1079 /* CalendarExportService.swift in Sources */,
				CDA2835CA8B4D7809B545ABC /* Challenge.swift in Sources */,
				BA92974BC1060FB3BD32D761 /* ChallengesView.swift in Sources */,
				89E8617C43FFA6EEE2986132 /* Company.swift in Sources */,
				1CBCF49235138427F6B7F392 /* ContentView.swift in Sources */,
				FA71A308E572C0C3CF4B4A45 /* DatabaseService.swift in Sources */,
				C411DBBE95882F37AB19A20C /* EmptyStateView.swift in Sources */,
				0513F9D8AFF926CF04577E2F /* ExportService.swift in Sources */,
				134C6922F42442B5253E1085 /* FlowStateService.swift in Sources */,
				CD725A8CB422AAE6091CA9BA /* FocusHistoryView.swift in Sources */,
				B943E5650BCB3982EBA683F4 /* FocusPredictionService.swift in Sources */,
				BF6BF2876A996492DA97B8D4 /* FocusService.swift in Sources */,
				901FB8ACE24C40798A2EC712 /* FocusTimerView.swift in Sources */,
				B2FF3E0D966C96A0D5D31014 /* FreemiumService.swift in Sources */,
				E6F5D98EB3506E42BEC1A623 /* GlassTabBar.swift in Sources */,
				F8CE45BF66A1018B7C751D6F /* InsightsView.swift in Sources */,
				466B24088CFE595005797700 /* InvestorPitch.swift in Sources */,
				C07F566ADDC4957211F8E460 /* LeaderboardView.swift in Sources */,
				EF7D600B19E788C07A73ACAD /* LeaderboardViewModel.swift in Sources */,
				D0196625CAF59E8B1385DDB9 /* MatchFoundSheet.swift in Sources */,
				4345C269F3075A7544400356 /* MatchingService.swift in Sources */,
				905F26F3A31FBD01C3E2D108 /* Mission.swift in Sources */,
				8516642D98476148868431F1 /* Partner.swift in Sources */,
				61FE457E1D247EF024E7F614 /* PartnerRadarView.swift in Sources */,
				2531905D75109FA9AFFA6A3E /* Session.swift in Sources */,
				39A0E690B3832A0A05E29A5D /* SessionCompleteView.swift in Sources */,
				A8BC55F7D407CA6CB1311DC8 /* SessionViewModel.swift in Sources */,
				71E98F985B9580BBB46A94D0 /* SettingsView.swift in Sources */,
				3D1AFBC31D3B8FB5A2B94AE7 /* ShareSheet.swift in Sources */,
				FA7430B54C99FB0A9BE95496 /* Sound.swift in Sources */,
				9E442462AF8CA0BEE4292A51 /* SoundPickerView.swift in Sources */,
				BDBD112585DBC411560D1689 /* SoundService.swift in Sources */,
				6161ABD89E18E81145999A1F /* Statistics.swift in Sources */,
				EAB6A785DE824953EBF7F4EF /* StatisticsService.swift in Sources */,
				63B95BC44662F7121D852122 /* Subscription.swift in Sources */,
				DA189F865D0B707FF2EE1542 /* SubscriptionService.swift in Sources */,
				590A1E1EF1FC17FB39FAE8D0 /* Team.swift in Sources */,
				E81C9767423FECC20D8C2C89 /* TeamService.swift in Sources */,
				71056E7658FBB916B14BA805 /* TeamView.swift in Sources */,
				4A91EFAE9BA7B330DEBA8173 /* UpgradeSheet.swift in Sources */,
				04A43A9B3FA477C3DDB1D518 /* WeeklyGoalRing.swift in Sources */,
			);
			runOnlyForDeploymentPostprocessing = 0;
		};
/* End PBXSourcesBuildPhase section */

/* Begin XCBuildConfiguration section */
		0AC6D37A18265C6868E862C8 /* Debug */ = {
			isa = XCBuildConfiguration;
			buildSettings = {
				ASSETCATALOG_COMPILER_APPICON_NAME = AppIcon;
				ASSETCATALOG_COMPILER_GLOBAL_ACCENT_COLOR_NAME = AccentColor;
				CLANG_ANALYZER_LOCALIZABILITY_NONLOCALIZED = YES;
				CODE_SIGN_ENTITLEMENTS = Cadence/Cadence.entitlements;
				CODE_SIGN_IDENTITY = "iPhone Developer";
				INFOPLIST_FILE = Cadence/Info.plist;
				LD_RUNPATH_SEARCH_PATHS = (
					"$(inherited)",
					"@executable_path/Frameworks",
				);
				PRODUCT_BUNDLE_IDENTIFIER = com.cadence.app;
				SDKROOT = iphoneos;
				SUPPORTS_XR_DESIGNED_FOR_IPHONE_IPAD = NO;
				SWIFT_EMIT_LOC_STRINGS = YES;
				TARGETED_DEVICE_FAMILY = 1;
			};
			name = Debug;
		};
		66FA57B5F57FFDBD1C1E8963 /* Release */ = {
			isa = XCBuildConfiguration;
			buildSettings = {
				ASSETCATALOG_COMPILER_APPICON_NAME = AppIcon;
				ASSETCATALOG_COMPILER_GLOBAL_ACCENT_COLOR_NAME = AccentColor;
				CLANG_ANALYZER_LOCALIZABILITY_NONLOCALIZED = YES;
				CODE_SIGN_ENTITLEMENTS = Cadence/Cadence.entitlements;
				CODE_SIGN_IDENTITY = "iPhone Developer";
				INFOPLIST_FILE = Cadence/Info.plist;
				LD_RUNPATH_SEARCH_PATHS = (
					"$(inherited)",
					"@executable_path/Frameworks",
				);
				PRODUCT_BUNDLE_IDENTIFIER = com.cadence.app;
				SDKROOT = iphoneos;
				SUPPORTS_XR_DESIGNED_FOR_IPHONE_IPAD = NO;
				SWIFT_EMIT_LOC_STRINGS = YES;
				TARGETED_DEVICE_FAMILY = 1;
			};
			name = Release;
		};
		9DBE9E0079A7DB194A03BF0C /* Release */ = {
			isa = XCBuildConfiguration;
			buildSettings = {
				ALWAYS_SEARCH_USER_PATHS = NO;
				CLANG_ANALYZER_NONNULL = YES;
				CLANG_ANALYZER_NUMBER_OBJECT_CONVERSION = YES_AGGRESSIVE;
				CLANG_CXX_LANGUAGE_STANDARD = "gnu++14";
				CLANG_CXX_LIBRARY = "libc++";
				CLANG_ENABLE_MODULES = YES;
				CLANG_ENABLE_OBJC_ARC = YES;
				CLANG_ENABLE_OBJC_WEAK = YES;
				CLANG_WARN_BLOCK_CAPTURE_AUTORELEASING = YES;
				CLANG_WARN_BOOL_CONVERSION = YES;
				CLANG_WARN_COMMA = YES;
				CLANG_WARN_CONSTANT_CONVERSION = YES;
				CLANG_WARN_DEPRECATED_OBJC_IMPLEMENTATIONS = YES;
				CLANG_WARN_DIRECT_OBJC_ISA_USAGE = YES_ERROR;
				CLANG_WARN_DOCUMENTATION_COMMENTS = YES;
				CLANG_WARN_EMPTY_BODY = YES;
				CLANG_WARN_ENUM_CONVERSION = YES;
				CLANG_WARN_INFINITE_RECURSION = YES;
				CLANG_WARN_INT_CONVERSION = YES;
				CLANG_WARN_NON_LITERAL_NULL_CONVERSION = YES;
				CLANG_WARN_OBJC_IMPLICIT_RETAIN_SELF = YES;
				CLANG_WARN_OBJC_LITERAL_CONVERSION = YES;
				CLANG_WARN_OBJC_ROOT_CLASS = YES_ERROR;
				CLANG_WARN_QUOTED_INCLUDE_IN_FRAMEWORK_HEADER = YES;
				CLANG_WARN_RANGE_LOOP_ANALYSIS = YES;
				CLANG_WARN_STRICT_PROTOTYPES = YES;
				CLANG_WARN_SUSPICIOUS_MOVE = YES;
				CLANG_WARN_UNGUARDED_AVAILABILITY = YES_AGGRESSIVE;
				CLANG_WARN_UNREACHABLE_CODE = YES;
				CLANG_WARN__DUPLICATE_METHOD_MATCH = YES;
				CODE_SIGN_STYLE = Automatic;
				COPY_PHASE_STRIP = NO;
				CURRENT_PROJECT_VERSION = 1;
				DEBUG_INFORMATION_FORMAT = "dwarf-with-dsym";
				DEVELOPMENT_TEAM = "";
				ENABLE_NS_ASSERTIONS = NO;
				ENABLE_STRICT_OBJC_MSGSEND = YES;
				ENABLE_USER_SCRIPT_SANDBOXING = NO;
				GCC_C_LANGUAGE_STANDARD = gnu11;
				GCC_NO_COMMON_BLOCKS = YES;
				GCC_WARN_64_TO_32_BIT_CONVERSION = YES;
				GCC_WARN_ABOUT_RETURN_TYPE = YES_ERROR;
				GCC_WARN_UNDECLARED_SELECTOR = YES;
				GCC_WARN_UNINITIALIZED_AUTOS = YES_AGGRESSIVE;
				GCC_WARN_UNUSED_FUNCTION = YES;
				GCC_WARN_UNUSED_VARIABLE = YES;
				IPHONEOS_DEPLOYMENT_TARGET = 26.0;
				MARKETING_VERSION = 1.0.0;
				MTL_ENABLE_DEBUG_INFO = NO;
				MTL_FAST_MATH = YES;
				PRODUCT_NAME = "$(TARGET_NAME)";
				SDKROOT = iphoneos;
				SWIFT_COMPILATION_MODE = wholemodule;
				SWIFT_OPTIMIZATION_LEVEL = "-O";
				SWIFT_VERSION = 6.0;
			};
			name = Release;
		};
		C78721ED836CA881972A504D /* Debug */ = {
			isa = XCBuildConfiguration;
			buildSettings = {
				ALWAYS_SEARCH_USER_PATHS = NO;
				CLANG_ANALYZER_NONNULL = YES;
				CLANG_ANALYZER_NUMBER_OBJECT_CONVERSION = YES_AGGRESSIVE;
				CLANG_CXX_LANGUAGE_STANDARD = "gnu++14";
				CLANG_CXX_LIBRARY = "libc++";
				CLANG_ENABLE_MODULES = YES;
				CLANG_ENABLE_OBJC_ARC = YES;
				CLANG_ENABLE_OBJC_WEAK = YES;
				CLANG_WARN_BLOCK_CAPTURE_AUTORELEASING = YES;
				CLANG_WARN_BOOL_CONVERSION = YES;
				CLANG_WARN_COMMA = YES;
				CLANG_WARN_CONSTANT_CONVERSION = YES;
				CLANG_WARN_DEPRECATED_OBJC_IMPLEMENTATIONS = YES;
				CLANG_WARN_DIRECT_OBJC_ISA_USAGE = YES_ERROR;
				CLANG_WARN_DOCUMENTATION_COMMENTS = YES;
				CLANG_WARN_EMPTY_BODY = YES;
				CLANG_WARN_ENUM_CONVERSION = YES;
				CLANG_WARN_INFINITE_RECURSION = YES;
				CLANG_WARN_INT_CONVERSION = YES;
				CLANG_WARN_NON_LITERAL_NULL_CONVERSION = YES;
				CLANG_WARN_OBJC_IMPLICIT_RETAIN_SELF = YES;
				CLANG_WARN_OBJC_LITERAL_CONVERSION = YES;
				CLANG_WARN_OBJC_ROOT_CLASS = YES_ERROR;
				CLANG_WARN_QUOTED_INCLUDE_IN_FRAMEWORK_HEADER = YES;
				CLANG_WARN_RANGE_LOOP_ANALYSIS = YES;
				CLANG_WARN_STRICT_PROTOTYPES = YES;
				CLANG_WARN_SUSPICIOUS_MOVE = YES;
				CLANG_WARN_UNGUARDED_AVAILABILITY = YES_AGGRESSIVE;
				CLANG_WARN_UNREACHABLE_CODE = YES;
				CLANG_WARN__DUPLICATE_METHOD_MATCH = YES;
				CODE_SIGN_STYLE = Automatic;
				COPY_PHASE_STRIP = NO;
				CURRENT_PROJECT_VERSION = 1;
				DEBUG_INFORMATION_FORMAT = dwarf;
				DEVELOPMENT_TEAM = "";
				ENABLE_STRICT_OBJC_MSGSEND = YES;
				ENABLE_TESTABILITY = YES;
				ENABLE_USER_SCRIPT_SANDBOXING = NO;
				GCC_C_LANGUAGE_STANDARD = gnu11;
				GCC_DYNAMIC_NO_PIC = NO;
				GCC_NO_COMMON_BLOCKS = YES;
				GCC_OPTIMIZATION_LEVEL = 0;
				GCC_PREPROCESSOR_DEFINITIONS = (
					"$(inherited)",
					"DEBUG=1",
				);
				GCC_WARN_64_TO_32_BIT_CONVERSION = YES;
				GCC_WARN_ABOUT_RETURN_TYPE = YES_ERROR;
				GCC_WARN_UNDECLARED_SELECTOR = YES;
				GCC_WARN_UNINITIALIZED_AUTOS = YES_AGGRESSIVE;
				GCC_WARN_UNUSED_FUNCTION = YES;
				GCC_WARN_UNUSED_VARIABLE = YES;
				IPHONEOS_DEPLOYMENT_TARGET = 26.0;
				MARKETING_VERSION = 1.0.0;
				MTL_ENABLE_DEBUG_INFO = INCLUDE_SOURCE;
				MTL_FAST_MATH = YES;
				ONLY_ACTIVE_ARCH = YES;
				PRODUCT_NAME = "$(TARGET_NAME)";
				SDKROOT = iphoneos;
				SWIFT_ACTIVE_COMPILATION_CONDITIONS = DEBUG;
				SWIFT_OPTIMIZATION_LEVEL = "-Onone";
				SWIFT_VERSION = 6.0;
			};
			name = Debug;
		};
/* End XCBuildConfiguration section */

/* Begin XCConfigurationList section */
		07126B28B5B904C139BBD128 /* Build configuration list for PBXNativeTarget "Cadence" */ = {
			isa = XCConfigurationList;
			buildConfigurations = (
				0AC6D37A18265C6868E862C8 /* Debug */,
				66FA57B5F57FFDBD1C1E8963 /* Release */,
			);
			defaultConfigurationIsVisible = 0;
			defaultConfigurationName = Debug;
		};
		6735F591880E2DF1BC393107 /* Build configuration list for PBXProject "Cadence" */ = {
			isa = XCConfigurationList;
			buildConfigurations = (
				C78721ED836CA881972A504D /* Debug */,
				9DBE9E0079A7DB194A03BF0C /* Release */,
			);
			defaultConfigurationIsVisible = 0;
			defaultConfigurationName = Debug;
		};
/* End XCConfigurationList section */
	};
	rootObject = 9FA114BF81E88A4D01B65D31 /* Project object */;
}
